
Microsoft Visual Studio Solution File, Format Version 12.00
# Visual Studio Version 17
VisualStudioVersion = 17.5.33627.172
MinimumVisualStudioVersion = 10.0.40219.1
Project("{9A19103F-16F7-4668-BE54-9A1E7A4F7556}") = "Student.Domain", "Student.Domain\Student.Domain.csproj", "{C4716A1C-1295-4DA0-ADA9-341D01207CF7}"
EndProject
Project("{9A19103F-16F7-4668-BE54-9A1E7A4F7556}") = "Student.Services", "Student.Services\Student.Services.csproj", "{3DCEE8C9-235E-4916-B63B-56F03FD7D39E}"
EndProject
Project("{9A19103F-16F7-4668-BE54-9A1E7A4F7556}") = "Student.UI", "Student.UI\Student.UI.csproj", "{A20009A0-6C4E-4405-AF1C-D5D00C7BAF18}"
EndProject
Project("{9A19103F-16F7-4668-BE54-9A1E7A4F7556}") = "Student.Functions", "Student.Functions\Student.Functions.csproj", "{2413AE49-EAC0-481A-8010-560B4CB1FB8C}"
EndProject
Global
	GlobalSection(SolutionConfigurationPlatforms) = preSolution
		Debug|Any CPU = Debug|Any CPU
		Release|Any CPU = Release|Any CPU
	EndGlobalSection
	GlobalSection(ProjectConfigurationPlatforms) = postSolution
		{C4716A1C-1295-4DA0-ADA9-341D01207CF7}.Debug|Any CPU.ActiveCfg = Debug|Any CPU
		{C4716A1C-1295-4DA0-ADA9-341D01207CF7}.Debug|Any CPU.Build.0 = Debug|Any CPU
		{C4716A1C-1295-4DA0-ADA9-341D01207CF7}.Release|Any CPU.ActiveCfg = Release|Any CPU
		{C4716A1C-1295-4DA0-ADA9-341D01207CF7}.Release|Any CPU.Build.0 = Release|Any CPU
		{3DCEE8C9-235E-4916-B63B-56F03FD7D39E}.Debug|Any CPU.ActiveCfg = Debug|Any CPU
		{3DCEE8C9-235E-4916-B63B-56F03FD7D39E}.Debug|Any CPU.Build.0 = Debug|Any CPU
		{3DCEE8C9-235E-4916-B63B-56F03FD7D39E}.Release|Any CPU.ActiveCfg = Release|Any CPU
		{3DCEE8C9-235E-4916-B63B-56F03FD7D39E}.Release|Any CPU.Build.0 = Release|Any CPU
		{A20009A0-6C4E-4405-AF1C-D5D00C7BAF18}.Debug|Any CPU.ActiveCfg = Debug|Any CPU
		{A20009A0-6C4E-4405-AF1C-D5D00C7BAF18}.Debug|Any CPU.Build.0 = Debug|Any CPU
		{A20009A0-6C4E-4405-AF1C-D5D00C7BAF18}.Release|Any CPU.ActiveCfg = Release|Any CPU
		{A20009A0-6C4E-4405-AF1C-D5D00C7BAF18}.Release|Any CPU.Build.0 = Release|Any CPU
		{2413AE49-EAC0-481A-8010-560B4CB1FB8C}.Debug|Any CPU.ActiveCfg = Debug|Any CPU
		{2413AE49-EAC0-481A-8010-560B4CB1FB8C}.Debug|Any CPU.Build.0 = Debug|Any CPU
		{2413AE49-EAC0-481A-8010-560B4CB1FB8C}.Release|Any CPU.ActiveCfg = Release|Any CPU
		{2413AE49-EAC0-481A-8010-560B4CB1FB8C}.Release|Any CPU.Build.0 = Release|Any CPU
	EndGlobalSection
	GlobalSection(SolutionProperties) = preSolution
		HideSolutionNode = FALSE
	EndGlobalSection
	GlobalSection(ExtensibilityGlobals) = postSolution
		SolutionGuid = {5FBBB9E0-F840-43D2-9D2E-48C994F43C89}
	EndGlobalSection
EndGlobal
